// !$*UTF8*$!
{
	archiveVersion = 1;
	classes = {
	};
	objectVersion = 77;
	objects = {

/* Begin PBXContainerItemProxy section */
		A1C8EFA12D519B030078D31D /* PBXContainerItemProxy */ = {
			isa = PBXContainerItemProxy;
			containerPortal = A1C8EF842D519B020078D31D /* Project object */;
			proxyType = 1;
			remoteGlobalIDString = A1C8EF8B2D519B020078D31D;
			remoteInfo = SpotiFriends;
		};
		A1C8EFAB2D519B030078D31D /* PBXContainerItemProxy */ = {
			isa = PBXContainerItemProxy;
			containerPortal = A1C8EF842D519B020078D31D /* Project object */;
			proxyType = 1;
			remoteGlobalIDString = A1C8EF8B2D519B020078D31D;
			remoteInfo = SpotiFriends;
		};
/* End PBXContainerItemProxy section */

/* Begin PBXFileReference section */
		A1C8EF8C2D519B020078D31D /* SpotiFriends.app */ = {isa = PBXFileReference; explicitFileType = wrapper.application; includeInIndex = 0; path = SpotiFriends.app; sourceTree = BUILT_PRODUCTS_DIR; };
		A1C8EFA02D519B030078D31D /* SpotiFriendsTests.xctest */ = {isa = PBXFileReference; explicitFileType = wrapper.cfbundle; includeInIndex = 0; path = SpotiFriendsTests.xctest; sourceTree = BUILT_PRODUCTS_DIR; };
		A1C8EFAA2D519B030078D31D /* SpotiFriendsUITests.xctest */ = {isa = PBXFileReference; explicitFileType = wrapper.cfbundle; includeInIndex = 0; path = SpotiFriendsUITests.xctest; sourceTree = BUILT_PRODUCTS_DIR; };
/* End PBXFileReference section */

/* Begin PBXFileSystemSynchronizedBuildFileExceptionSet section */
		A1C8EFB22D519B030078D31D /* Exceptions for "SpotiFriends" folder in "SpotiFriends" target */ = {
			isa = PBXFileSystemSynchronizedBuildFileExceptionSet;
			membershipExceptions = (
				Info.plist,
			);
			target = A1C8EF8B2D519B020078D31D /* SpotiFriends */;
		};
		A1C8EFC32D519DDD0078D31D /* Exceptions for "SpotiFriends" folder in "SpotiFriendsTests" target */ = {
			isa = PBXFileSystemSynchronizedBuildFileExceptionSet;
			membershipExceptions = (
				Login/LoginView.swift,
				Login/LoginViewModel.swift,
			);
			target = A1C8EF9F2D519B030078D31D /* SpotiFriendsTests */;
		};
		A1C8EFC42D519DDD0078D31D /* Exceptions for "SpotiFriends" folder in "SpotiFriendsUITests" target */ = {
			isa = PBXFileSystemSynchronizedBuildFileExceptionSet;
			membershipExceptions = (
				Login/LoginView.swift,
				Login/LoginViewModel.swift,
			);
			target = A1C8EFA92D519B030078D31D /* SpotiFriendsUITests */;
		};
/* End PBXFileSystemSynchronizedBuildFileExceptionSet section */

/* Begin PBXFileSystemSynchronizedRootGroup section */
		A1C8EF8E2D519B020078D31D /* SpotiFriends */ = {
			isa = PBXFileSystemSynchronizedRootGroup;
			exceptions = (
				A1C8EFB22D519B030078D31D /* Exceptions for "SpotiFriends" folder in "SpotiFriends" target */,
				A1C8EFC32D519DDD0078D31D /* Exceptions for "SpotiFriends" folder in "SpotiFriendsTests" target */,
				A1C8EFC42D519DDD0078D31D /* Exceptions for "SpotiFriends" folder in "SpotiFriendsUITests" target */,
			);
			path = SpotiFriends;
			sourceTree = "<group>";
		};
		A1C8EFA32D519B030078D31D /* SpotiFriendsTests */ = {
			isa = PBXFileSystemSynchronizedRootGroup;
			path = SpotiFriendsTests;
			sourceTree = "<group>";
		};
		A1C8EFAD2D519B030078D31D /* SpotiFriendsUITests */ = {
			isa = PBXFileSystemSynchronizedRootGroup;
			path = SpotiFriendsUITests;
			sourceTree = "<group>";
		};
/* End PBXFileSystemSynchronizedRootGroup section */

/* Begin PBXFrameworksBuildPhase section */
		A1C8EF892D519B020078D31D /* Frameworks */ = {
			isa = PBXFrameworksBuildPhase;
			buildActionMask = 2147483647;
			files = (
			);
			runOnlyForDeploymentPostprocessing = 0;
		};
		A1C8EF9D2D519B030078D31D /* Frameworks */ = {
			isa = PBXFrameworksBuildPhase;
			buildActionMask = 2147483647;
			files = (
			);
			runOnlyForDeploymentPostprocessing = 0;
		};
		A1C8EFA72D519B030078D31D /* Frameworks */ = {
			isa = PBXFrameworksBuildPhase;
			buildActionMask = 2147483647;
			files = (
			);
			runOnlyForDeploymentPostprocessing = 0;
		};
/* End PBXFrameworksBuildPhase section */

/* Begin PBXGroup section */
		A1C8EF832D519B020078D31D = {
			isa = PBXGroup;
			children = (
				A1C8EF8E2D519B020078D31D /* SpotiFriends */,
				A1C8EFA32D519B030078D31D /* SpotiFriendsTests */,
				A1C8EFAD2D519B030078D31D /* SpotiFriendsUITests */,
				A1C8EF8D2D519B020078D31D /* Products */,
			);
			sourceTree = "<group>";
		};
		A1C8EF8D2D519B020078D31D /* Products */ = {
			isa = PBXGroup;
			children = (
				A1C8EF8C2D519B020078D31D /* SpotiFriends.app */,
				A1C8EFA02D519B030078D31D /* SpotiFriendsTests.xctest */,
				A1C8EFAA2D519B030078D31D /* SpotiFriendsUITests.xctest */,
			);
			name = Products;
			sourceTree = "<group>";
		};
/* End PBXGroup section */

/* Begin PBXNativeTarget section */
		A1C8EF8B2D519B020078D31D /* SpotiFriends */ = {
			isa = PBXNativeTarget;
			buildConfigurationList = A1C8EFB32D519B030078D31D /* Build configuration list for PBXNativeTarget "SpotiFriends" */;
			buildPhases = (
				A1C8EF882D519B020078D31D /* Sources */,
				A1C8EF892D519B020078D31D /* Frameworks */,
				A1C8EF8A2D519B020078D31D /* Resources */,
			);
			buildRules = (
			);
			dependencies = (
			);
			fileSystemSynchronizedGroups = (
				A1C8EF8E2D519B020078D31D /* SpotiFriends */,
			);
			name = SpotiFriends;
			packageProductDependencies = (
			);
			productName = SpotiFriends;
			productReference = A1C8EF8C2D519B020078D31D /* SpotiFriends.app */;
			productType = "com.apple.product-type.application";
		};
		A1C8EF9F2D519B030078D31D /* SpotiFriendsTests */ = {
			isa = PBXNativeTarget;
			buildConfigurationList = A1C8EFB82D519B030078D31D /* Build configuration list for PBXNativeTarget "SpotiFriendsTests" */;
			buildPhases = (
				A1C8EF9C2D519B030078D31D /* Sources */,
				A1C8EF9D2D519B030078D31D /* Frameworks */,
				A1C8EF9E2D519B030078D31D /* Resources */,
			);
			buildRules = (
			);
			dependencies = (
				A1C8EFA22D519B030078D31D /* PBXTargetDependency */,
			);
			fileSystemSynchronizedGroups = (
				A1C8EFA32D519B030078D31D /* SpotiFriendsTests */,
			);
			name = SpotiFriendsTests;
			packageProductDependencies = (
			);
			productName = SpotiFriendsTests;
			productReference = A1C8EFA02D519B030078D31D /* SpotiFriendsTests.xctest */;
			productType = "com.apple.product-type.bundle.unit-test";
		};
		A1C8EFA92D519B030078D31D /* SpotiFriendsUITests */ = {
			isa = PBXNativeTarget;
			buildConfigurationList = A1C8EFBB2D519B030078D31D /* Build configuration list for PBXNativeTarget "SpotiFriendsUITests" */;
			buildPhases = (
				A1C8EFA62D519B030078D31D /* Sources */,
				A1C8EFA72D519B030078D31D /* Frameworks */,
				A1C8EFA82D519B030078D31D /* Resources */,
			);
			buildRules = (
			);
			dependencies = (
				A1C8EFAC2D519B030078D31D /* PBXTargetDependency */,
			);
			fileSystemSynchronizedGroups = (
				A1C8EFAD2D519B030078D31D /* SpotiFriendsUITests */,
			);
			name = SpotiFriendsUITests;
			packageProductDependencies = (
			);
			productName = SpotiFriendsUITests;
			productReference = A1C8EFAA2D519B030078D31D /* SpotiFriendsUITests.xctest */;
			productType = "com.apple.product-type.bundle.ui-testing";
		};
/* End PBXNativeTarget section */

/* Begin PBXProject section */
		A1C8EF842D519B020078D31D /* Project object */ = {
			isa = PBXProject;
			attributes = {
				BuildIndependentTargetsInParallel = 1;
				LastSwiftUpdateCheck = 1620;
				LastUpgradeCheck = 1620;
				TargetAttributes = {
					A1C8EF8B2D519B020078D31D = {
						CreatedOnToolsVersion = 16.2;
					};
					A1C8EF9F2D519B030078D31D = {
						CreatedOnToolsVersion = 16.2;
						TestTargetID = A1C8EF8B2D519B020078D31D;
					};
					A1C8EFA92D519B030078D31D = {
						CreatedOnToolsVersion = 16.2;
						TestTargetID = A1C8EF8B2D519B020078D31D;
					};
				};
			};
			buildConfigurationList = A1C8EF872D519B020078D31D /* Build configuration list for PBXProject "SpotiFriends" */;
			developmentRegion = en;
			hasScannedForEncodings = 0;
			knownRegions = (
				en,
				Base,
			);
			mainGroup = A1C8EF832D519B020078D31D;
			minimizedProjectReferenceProxies = 1;
			preferredProjectObjectVersion = 77;
			productRefGroup = A1C8EF8D2D519B020078D31D /* Products */;
			projectDirPath = "";
			projectRoot = "";
			targets = (
				A1C8EF8B2D519B020078D31D /* SpotiFriends */,
				A1C8EF9F2D519B030078D31D /* SpotiFriendsTests */,
				A1C8EFA92D519B030078D31D /* SpotiFriendsUITests */,
			);
		};
/* End PBXProject section */

/* Begin PBXResourcesBuildPhase section */
		A1C8EF8A2D519B020078D31D /* Resources */ = {
			isa = PBXResourcesBuildPhase;
			buildActionMask = 2147483647;
			files = (
			);
			runOnlyForDeploymentPostprocessing = 0;
		};
		A1C8EF9E2D519B030078D31D /* Resources */ = {
			isa = PBXResourcesBuildPhase;
			buildActionMask = 2147483647;
			files = (
			);
			runOnlyForDeploymentPostprocessing = 0;
		};
		A1C8EFA82D519B030078D31D /* Resources */ = {
			isa = PBXResourcesBuildPhase;
			buildActionMask = 2147483647;
			files = (
			);
			runOnlyForDeploymentPostprocessing = 0;
		};
/* End PBXResourcesBuildPhase section */

/* Begin PBXSourcesBuildPhase section */
		A1C8EF882D519B020078D31D /* Sources */ = {
			isa = PBXSourcesBuildPhase;
			buildActionMask = 2147483647;
			files = (
			);
			runOnlyForDeploymentPostprocessing = 0;
		};
		A1C8EF9C2D519B030078D31D /* Sources */ = {
			isa = PBXSourcesBuildPhase;
			buildActionMask = 2147483647;
			files = (
			);
			runOnlyForDeploymentPostprocessing = 0;
		};
		A1C8EFA62D519B030078D31D /* Sources */ = {
			isa = PBXSourcesBuildPhase;
			buildActionMask = 2147483647;
			files = (
			);
			runOnlyForDeploymentPostprocessing = 0;
		};
/* End PBXSourcesBuildPhase section */

/* Begin PBXTargetDependency section */
		A1C8EFA22D519B030078D31D /* PBXTargetDependency */ = {
			isa = PBXTargetDependency;
			target = A1C8EF8B2D519B020078D31D /* SpotiFriends */;
			targetProxy = A1C8EFA12D519B030078D31D /* PBXContainerItemProxy */;
		};
		A1C8EFAC2D519B030078D31D /* PBXTargetDependency */ = {
			isa = PBXTargetDependency;
			target = A1C8EF8B2D519B020078D31D /* SpotiFriends */;
			targetProxy = A1C8EFAB2D519B030078D31D /* PBXContainerItemProxy */;
		};
/* End PBXTargetDependency section */

/* Begin XCBuildConfiguration section */
		A1C8EFB42D519B030078D31D /* Debug */ = {
			isa = XCBuildConfiguration;
			buildSettings = {
				ASSETCATALOG_COMPILER_APPICON_NAME = AppIcon;
				ASSETCATALOG_COMPILER_GLOBAL_ACCENT_COLOR_NAME = AccentColor;
				CODE_SIGN_ENTITLEMENTS = SpotiFriends/SpotiFriends.entitlements;
				CODE_SIGN_STYLE = Automatic;
				CURRENT_PROJECT_VERSION = 1;
				DEVELOPMENT_ASSET_PATHS = "\"SpotiFriends/Preview Content\"";
				DEVELOPMENT_TEAM = LXVQS4VN2C;
				ENABLE_PREVIEWS = YES;
				GENERATE_INFOPLIST_FILE = YES;
				INFOPLIST_FILE = SpotiFriends/Info.plist;
				INFOPLIST_KEY_UIApplicationSceneManifest_Generation = YES;
				INFOPLIST_KEY_UIApplicationSupportsIndirectInputEvents = YES;
				INFOPLIST_KEY_UILaunchScreen_Generation = YES;
				INFOPLIST_KEY_UISupportedInterfaceOrientations_iPad = "UIInterfaceOrientationPortrait UIInterfaceOrientationPortraitUpsideDown UIInterfaceOrientationLandscapeLeft UIInterfaceOrientationLandscapeRight";
				INFOPLIST_KEY_UISupportedInterfaceOrientations_iPhone = "UIInterfaceOrientationPortrait UIInterfaceOrientationLandscapeLeft UIInterfaceOrientationLandscapeRight";
				LD_RUNPATH_SEARCH_PATHS = (
					"$(inherited)",
					"@executable_path/Frameworks",
				);
				MARKETING_VERSION = 1.0;
				PRODUCT_BUNDLE_IDENTIFIER = connorkutz.SpotiFriends;
				PRODUCT_NAME = "$(TARGET_NAME)";
				SWIFT_EMIT_LOC_STRINGS = YES;
				SWIFT_VERSION = 5.0;
				TARGETED_DEVICE_FAMILY = "1,2";
			};
			name = Debug;
		};
		A1C8EFB52D519B030078D31D /* Release */ = {
			isa = XCBuildConfiguration;
			buildSettings = {
				ASSETCATALOG_COMPILER_APPICON_NAME = AppIcon;
				ASSETCATALOG_COMPILER_GLOBAL_ACCENT_COLOR_NAME = AccentColor;
				CODE_SIGN_ENTITLEMENTS = SpotiFriends/SpotiFriends.entitlements;
				CODE_SIGN_STYLE = Automatic;
				CURRENT_PROJECT_VERSION = 1;
				DEVELOPMENT_ASSET_PATHS = "\"SpotiFriends/Preview Content\"";
				DEVELOPMENT_TEAM = LXVQS4VN2C;
				ENABLE_PREVIEWS = YES;
				GENERATE_INFOPLIST_FILE = YES;
				INFOPLIST_FILE = SpotiFriends/Info.plist;
				INFOPLIST_KEY_UIApplicationSceneManifest_Generation = YES;
				INFOPLIST_KEY_UIApplicationSupportsIndirectInputEvents = YES;
				INFOPLIST_KEY_UILaunchScreen_Generation = YES;
				INFOPLIST_KEY_UISupportedInterfaceOrientations_iPad = "UIInterfaceOrientationPortrait UIInterfaceOrientationPortraitUpsideDown UIInterfaceOrientationLandscapeLeft UIInterfaceOrientationLandscapeRight";
				INFOPLIST_KEY_UISupportedInterfaceOrientations_iPhone = "UIInterfaceOrientationPortrait UIInterfaceOrientationLandscapeLeft UIInterfaceOrientationLandscapeRight";
				LD_RUNPATH_SEARCH_PATHS = (
					"$(inherited)",
					"@executable_path/Frameworks",
				);
				MARKETING_VERSION = 1.0;
				PRODUCT_BUNDLE_IDENTIFIER = connorkutz.SpotiFriends;
				PRODUCT_NAME = "$(TARGET_NAME)";
				SWIFT_EMIT_LOC_STRINGS = YES;
				SWIFT_VERSION = 5.0;
				TARGETED_DEVICE_FAMILY = "1,2";
			};
			name = Release;
		};
		A1C8EFB62D519B030078D31D /* Debug */ = {
			isa = XCBuildConfiguration;
			buildSettings = {
				ALWAYS_SEARCH_USER_PATHS = NO;
				ASSETCATALOG_COMPILER_GENERATE_SWIFT_ASSET_SYMBOL_EXTENSIONS = YES;
				CLANG_ANALYZER_NONNULL = YES;
				CLANG_ANALYZER_NUMBER_OBJECT_CONVERSION = YES_AGGRESSIVE;
				CLANG_CXX_LANGUAGE_STANDARD = "gnu++20";
				CLANG_ENABLE_MODULES = YES;
				CLANG_ENABLE_OBJC_ARC = YES;
				CLANG_ENABLE_OBJC_WEAK = YES;
				CLANG_WARN_BLOCK_CAPTURE_AUTORELEASING = YES;
				CLANG_WARN_BOOL_CONVERSION = YES;
				CLANG_WARN_COMMA = YES;
				CLANG_WARN_CONSTANT_CONVERSION = YES;
				CLANG_WARN_DEPRECATED_OBJC_IMPLEMENTATIONS = YES;
				CLANG_WARN_DIRECT_OBJC_ISA_USAGE = YES_ERROR;
				CLANG_WARN_DOCUMENTATION_COMMENTS = YES;
				CLANG_WARN_EMPTY_BODY = YES;
				CLANG_WARN_ENUM_CONVERSION = YES;
				CLANG_WARN_INFINITE_RECURSION = YES;
				CLANG_WARN_INT_CONVERSION = YES;
				CLANG_WARN_NON_LITERAL_NULL_CONVERSION = YES;
				CLANG_WARN_OBJC_IMPLICIT_RETAIN_SELF = YES;
				CLANG_WARN_OBJC_LITERAL_CONVERSION = YES;
				CLANG_WARN_OBJC_ROOT_CLASS = YES_ERROR;
				CLANG_WARN_QUOTED_INCLUDE_IN_FRAMEWORK_HEADER = YES;
				CLANG_WARN_RANGE_LOOP_ANALYSIS = YES;
				CLANG_WARN_STRICT_PROTOTYPES = YES;
				CLANG_WARN_SUSPICIOUS_MOVE = YES;
				CLANG_WARN_UNGUARDED_AVAILABILITY = YES_AGGRESSIVE;
				CLANG_WARN_UNREACHABLE_CODE = YES;
				CLANG_WARN__DUPLICATE_METHOD_MATCH = YES;
				COPY_PHASE_STRIP = NO;
				DEBUG_INFORMATION_FORMAT = dwarf;
				ENABLE_STRICT_OBJC_MSGSEND = YES;
				ENABLE_TESTABILITY = YES;
				ENABLE_USER_SCRIPT_SANDBOXING = YES;
				GCC_C_LANGUAGE_STANDARD = gnu17;
				GCC_DYNAMIC_NO_PIC = NO;
				GCC_NO_COMMON_BLOCKS = YES;
				GCC_OPTIMIZATION_LEVEL = 0;
				GCC_PREPROCESSOR_DEFINITIONS = (
					"DEBUG=1",
					"$(inherited)",
				);
				GCC_WARN_64_TO_32_BIT_CONVERSION = YES;
				GCC_WARN_ABOUT_RETURN_TYPE = YES_ERROR;
				GCC_WARN_UNDECLARED_SELECTOR = YES;
				GCC_WARN_UNINITIALIZED_AUTOS = YES_AGGRESSIVE;
				GCC_WARN_UNUSED_FUNCTION = YES;
				GCC_WARN_UNUSED_VARIABLE = YES;
				IPHONEOS_DEPLOYMENT_TARGET = 18.2;
				LOCALIZATION_PREFERS_STRING_CATALOGS = YES;
				MTL_ENABLE_DEBUG_INFO = INCLUDE_SOURCE;
				MTL_FAST_MATH = YES;
				ONLY_ACTIVE_ARCH = YES;
				SDKROOT = iphoneos;
				SWIFT_ACTIVE_COMPILATION_CONDITIONS = "DEBUG $(inherited)";
				SWIFT_OPTIMIZATION_LEVEL = "-Onone";
			};
			name = Debug;
		};
		A1C8EFB72D519B030078D31D /* Release */ = {
			isa = XCBuildConfiguration;
			buildSettings = {
				ALWAYS_SEARCH_USER_PATHS = NO;
				ASSETCATALOG_COMPILER_GENERATE_SWIFT_ASSET_SYMBOL_EXTENSIONS = YES;
				CLANG_ANALYZER_NONNULL = YES;
				CLANG_ANALYZER_NUMBER_OBJECT_CONVERSION = YES_AGGRESSIVE;
				CLANG_CXX_LANGUAGE_STANDARD = "gnu++20";
				CLANG_ENABLE_MODULES = YES;
				CLANG_ENABLE_OBJC_ARC = YES;
				CLANG_ENABLE_OBJC_WEAK = YES;
				CLANG_WARN_BLOCK_CAPTURE_AUTORELEASING = YES;
				CLANG_WARN_BOOL_CONVERSION = YES;
				CLANG_WARN_COMMA = YES;
				CLANG_WARN_CONSTANT_CONVERSION = YES;
				CLANG_WARN_DEPRECATED_OBJC_IMPLEMENTATIONS = YES;
				CLANG_WARN_DIRECT_OBJC_ISA_USAGE = YES_ERROR;
				CLANG_WARN_DOCUMENTATION_COMMENTS = YES;
				CLANG_WARN_EMPTY_BODY = YES;
				CLANG_WARN_ENUM_CONVERSION = YES;
				CLANG_WARN_INFINITE_RECURSION = YES;
				CLANG_WARN_INT_CONVERSION = YES;
				CLANG_WARN_NON_LITERAL_NULL_CONVERSION = YES;
				CLANG_WARN_OBJC_IMPLICIT_RETAIN_SELF = YES;
				CLANG_WARN_OBJC_LITERAL_CONVERSION = YES;
				CLANG_WARN_OBJC_ROOT_CLASS = YES_ERROR;
				CLANG_WARN_QUOTED_INCLUDE_IN_FRAMEWORK_HEADER = YES;
				CLANG_WARN_RANGE_LOOP_ANALYSIS = YES;
				CLANG_WARN_STRICT_PROTOTYPES = YES;
				CLANG_WARN_SUSPICIOUS_MOVE = YES;
				CLANG_WARN_UNGUARDED_AVAILABILITY = YES_AGGRESSIVE;
				CLANG_WARN_UNREACHABLE_CODE = YES;
				CLANG_WARN__DUPLICATE_METHOD_MATCH = YES;
				COPY_PHASE_STRIP = NO;
				DEBUG_INFORMATION_FORMAT = "dwarf-with-dsym";
				ENABLE_NS_ASSERTIONS = NO;
				ENABLE_STRICT_OBJC_MSGSEND = YES;
				ENABLE_USER_SCRIPT_SANDBOXING = YES;
				GCC_C_LANGUAGE_STANDARD = gnu17;
				GCC_NO_COMMON_BLOCKS = YES;
				GCC_WARN_64_TO_32_BIT_CONVERSION = YES;
				GCC_WARN_ABOUT_RETURN_TYPE = YES_ERROR;
				GCC_WARN_UNDECLARED_SELECTOR = YES;
				GCC_WARN_UNINITIALIZED_AUTOS = YES_AGGRESSIVE;
				GCC_WARN_UNUSED_FUNCTION = YES;
				GCC_WARN_UNUSED_VARIABLE = YES;
				IPHONEOS_DEPLOYMENT_TARGET = 18.2;
				LOCALIZATION_PREFERS_STRING_CATALOGS = YES;
				MTL_ENABLE_DEBUG_INFO = NO;
				MTL_FAST_MATH = YES;
				SDKROOT = iphoneos;
				SWIFT_COMPILATION_MODE = wholemodule;
				VALIDATE_PRODUCT = YES;
			};
			name = Release;
		};
		A1C8EFB92D519B030078D31D /* Debug */ = {
			isa = XCBuildConfiguration;
			buildSettings = {
				BUNDLE_LOADER = "$(TEST_HOST)";
				CODE_SIGN_STYLE = Automatic;
				CURRENT_PROJECT_VERSION = 1;
				DEVELOPMENT_TEAM = LXVQS4VN2C;
				GENERATE_INFOPLIST_FILE = YES;
				IPHONEOS_DEPLOYMENT_TARGET = 18.2;
				MARKETING_VERSION = 1.0;
				PRODUCT_BUNDLE_IDENTIFIER = connorkutz.SpotiFriendsTests;
				PRODUCT_NAME = "$(TARGET_NAME)";
				SWIFT_EMIT_LOC_STRINGS = NO;
				SWIFT_VERSION = 5.0;
				TARGETED_DEVICE_FAMILY = "1,2";
				TEST_HOST = "$(BUILT_PRODUCTS_DIR)/SpotiFriends.app/$(BUNDLE_EXECUTABLE_FOLDER_PATH)/SpotiFriends";
			};
			name = Debug;
		};
		A1C8EFBA2D519B030078D31D /* Release */ = {
			isa = XCBuildConfiguration;
			buildSettings = {
				BUNDLE_LOADER = "$(TEST_HOST)";
				CODE_SIGN_STYLE = Automatic;
				CURRENT_PROJECT_VERSION = 1;
				DEVELOPMENT_TEAM = LXVQS4VN2C;
				GENERATE_INFOPLIST_FILE = YES;
				IPHONEOS_DEPLOYMENT_TARGET = 18.2;
				MARKETING_VERSION = 1.0;
				PRODUCT_BUNDLE_IDENTIFIER = connorkutz.SpotiFriendsTests;
				PRODUCT_NAME = "$(TARGET_NAME)";
				SWIFT_EMIT_LOC_STRINGS = NO;
				SWIFT_VERSION = 5.0;
				TARGETED_DEVICE_FAMILY = "1,2";
				TEST_HOST = "$(BUILT_PRODUCTS_DIR)/SpotiFriends.app/$(BUNDLE_EXECUTABLE_FOLDER_PATH)/SpotiFriends";
			};
			name = Release;
		};
		A1C8EFBC2D519B030078D31D /* Debug */ = {
			isa = XCBuildConfiguration;
			buildSettings = {
				CODE_SIGN_STYLE = Automatic;
				CURRENT_PROJECT_VERSION = 1;
				DEVELOPMENT_TEAM = LXVQS4VN2C;
				GENERATE_INFOPLIST_FILE = YES;
				MARKETING_VERSION = 1.0;
				PRODUCT_BUNDLE_IDENTIFIER = connorkutz.SpotiFriendsUITests;
				PRODUCT_NAME = "$(TARGET_NAME)";
				SWIFT_EMIT_LOC_STRINGS = NO;
				SWIFT_VERSION = 5.0;
				TARGETED_DEVICE_FAMILY = "1,2";
				TEST_TARGET_NAME = SpotiFriends;
			};
			name = Debug;
		};
		A1C8EFBD2D519B030078D31D /* Release */ = {
			isa = XCBuildConfiguration;
			buildSettings = {
				CODE_SIGN_STYLE = Automatic;
				CURRENT_PROJECT_VERSION = 1;
				DEVELOPMENT_TEAM = LXVQS4VN2C;
				GENERATE_INFOPLIST_FILE = YES;
				MARKETING_VERSION = 1.0;
				PRODUCT_BUNDLE_IDENTIFIER = connorkutz.SpotiFriendsUITests;
				PRODUCT_NAME = "$(TARGET_NAME)";
				SWIFT_EMIT_LOC_STRINGS = NO;
				SWIFT_VERSION = 5.0;
				TARGETED_DEVICE_FAMILY = "1,2";
				TEST_TARGET_NAME = SpotiFriends;
			};
			name = Release;
		};
/* End XCBuildConfiguration section */

/* Begin XCConfigurationList section */
		A1C8EF872D519B020078D31D /* Build configuration list for PBXProject "SpotiFriends" */ = {
			isa = XCConfigurationList;
			buildConfigurations = (
				A1C8EFB62D519B030078D31D /* Debug */,
				A1C8EFB72D519B030078D31D /* Release */,
			);
			defaultConfigurationIsVisible = 0;
			defaultConfigurationName = Release;
		};
		A1C8EFB32D519B030078D31D /* Build configuration list for PBXNativeTarget "SpotiFriends" */ = {
			isa = XCConfigurationList;
			buildConfigurations = (
				A1C8EFB42D519B030078D31D /* Debug */,
				A1C8EFB52D519B030078D31D /* Release */,
			);
			defaultConfigurationIsVisible = 0;
			defaultConfigurationName = Release;
		};
		A1C8EFB82D519B030078D31D /* Build configuration list for PBXNativeTarget "SpotiFriendsTests" */ = {
			isa = XCConfigurationList;
			buildConfigurations = (
				A1C8EFB92D519B030078D31D /* Debug */,
				A1C8EFBA2D519B030078D31D /* Release */,
			);
			defaultConfigurationIsVisible = 0;
			defaultConfigurationName = Release;
		};
		A1C8EFBB2D519B030078D31D /* Build configuration list for PBXNativeTarget "SpotiFriendsUITests" */ = {
			isa = XCConfigurationList;
			buildConfigurations = (
				A1C8EFBC2D519B030078D31D /* Debug */,
				A1C8EFBD2D519B030078D31D /* Release */,
			);
			defaultConfigurationIsVisible = 0;
			defaultConfigurationName = Release;
		};
/* End XCConfigurationList section */
	};
	rootObject = A1C8EF842D519B020078D31D /* Project object */;
}
